
Microsoft Visual Studio Solution File, Format Version 12.00
# Visual Studio Version 17
VisualStudioVersion = 17.13.35825.156 d17.13
MinimumVisualStudioVersion = 10.0.40219.1
Project("{FAE04EC0-301F-11D3-BF4B-00C04F79EFBC}") = "WApp", "WApp.csproj", "{690EB4E4-E4BF-4DCC-B58F-16CF340549C9}"
EndProject
Global
	GlobalSection(SolutionConfigurationPlatforms) = preSolution
		Debug|Any CPU = Debug|Any CPU
		Release|Any CPU = Release|Any CPU
	EndGlobalSection
	GlobalSection(ProjectConfigurationPlatforms) = postSolution
		{690EB4E4-E4BF-4DCC-B58F-16CF340549C9}.Debug|Any CPU.ActiveCfg = Debug|Any CPU
		{690EB4E4-E4BF-4DCC-B58F-16CF340549C9}.Debug|Any CPU.Build.0 = Debug|Any CPU
		{690EB4E4-E4BF-4DCC-B58F-16CF340549C9}.Release|Any CPU.ActiveCfg = Release|Any CPU
		{690EB4E4-E4BF-4DCC-B58F-16CF340549C9}.Release|Any CPU.Build.0 = Release|Any CPU
	EndGlobalSection
	GlobalSection(SolutionProperties) = preSolution
		HideSolutionNode = FALSE
	EndGlobalSection
	GlobalSection(ExtensibilityGlobals) = postSolution
		SolutionGuid = {91B40FE1-D0AF-4EE1-9E3A-E01AA794C50C}
	EndGlobalSection
EndGlobal
